
Microsoft Visual Studio Solution File, Format Version 12.00
# Visual Studio Version 17
VisualStudioVersion = 17.8.34309.116
MinimumVisualStudioVersion = 10.0.40219.1
Project("{9A19103F-16F7-4668-BE54-9A1E7A4F7556}") = "Corps.Server", "Corps.Server\Corps.Server.csproj", "{60FF379D-D256-4372-86E4-BD58BC67D5B2}"
EndProject
Project("{9A19103F-16F7-4668-BE54-9A1E7A4F7556}") = "Corps.Integration", "Corps.Integration\Corps.Integration.csproj", "{227B57F3-DFCE-4080-9DE2-56B63C3CA647}"
EndProject
Project("{9A19103F-16F7-4668-BE54-9A1E7A4F7556}") = "Corps.Analysis", "Corps.Analysis\Corps.Analysis.csproj", "{B244758B-CB01-4238-A433-7631879C752F}"
EndProject
Project("{9A19103F-16F7-4668-BE54-9A1E7A4F7556}") = "Corps.Core", "Corps.Core\Corps.Core.csproj", "{47FDF89C-5ED8-411F-BC31-E1DD003AD7E2}"
EndProject
Project("{E53339B2-1760-4266-BCC7-CA923CBCF16C}") = "docker-compose", "docker-compose.dcproj", "{43AAB361-AA4F-4E25-A18E-9BC385B38BF6}"
EndProject
Global
	GlobalSection(SolutionConfigurationPlatforms) = preSolution
		Debug|Any CPU = Debug|Any CPU
		Release|Any CPU = Release|Any CPU
	EndGlobalSection
	GlobalSection(ProjectConfigurationPlatforms) = postSolution
		{60FF379D-D256-4372-86E4-BD58BC67D5B2}.Debug|Any CPU.ActiveCfg = Debug|Any CPU
		{60FF379D-D256-4372-86E4-BD58BC67D5B2}.Debug|Any CPU.Build.0 = Debug|Any CPU
		{60FF379D-D256-4372-86E4-BD58BC67D5B2}.Release|Any CPU.ActiveCfg = Release|Any CPU
		{60FF379D-D256-4372-86E4-BD58BC67D5B2}.Release|Any CPU.Build.0 = Release|Any CPU
		{227B57F3-DFCE-4080-9DE2-56B63C3CA647}.Debug|Any CPU.ActiveCfg = Debug|Any CPU
		{227B57F3-DFCE-4080-9DE2-56B63C3CA647}.Debug|Any CPU.Build.0 = Debug|Any CPU
		{227B57F3-DFCE-4080-9DE2-56B63C3CA647}.Release|Any CPU.ActiveCfg = Release|Any CPU
		{227B57F3-DFCE-4080-9DE2-56B63C3CA647}.Release|Any CPU.Build.0 = Release|Any CPU
		{B244758B-CB01-4238-A433-7631879C752F}.Debug|Any CPU.ActiveCfg = Debug|Any CPU
		{B244758B-CB01-4238-A433-7631879C752F}.Debug|Any CPU.Build.0 = Debug|Any CPU
		{B244758B-CB01-4238-A433-7631879C752F}.Release|Any CPU.ActiveCfg = Release|Any CPU
		{B244758B-CB01-4238-A433-7631879C752F}.Release|Any CPU.Build.0 = Release|Any CPU
		{47FDF89C-5ED8-411F-BC31-E1DD003AD7E2}.Debug|Any CPU.ActiveCfg = Debug|Any CPU
		{47FDF89C-5ED8-411F-BC31-E1DD003AD7E2}.Debug|Any CPU.Build.0 = Debug|Any CPU
		{47FDF89C-5ED8-411F-BC31-E1DD003AD7E2}.Release|Any CPU.ActiveCfg = Release|Any CPU
		{47FDF89C-5ED8-411F-BC31-E1DD003AD7E2}.Release|Any CPU.Build.0 = Release|Any CPU
		{43AAB361-AA4F-4E25-A18E-9BC385B38BF6}.Debug|Any CPU.ActiveCfg = Debug|Any CPU
		{43AAB361-AA4F-4E25-A18E-9BC385B38BF6}.Debug|Any CPU.Build.0 = Debug|Any CPU
		{43AAB361-AA4F-4E25-A18E-9BC385B38BF6}.Release|Any CPU.ActiveCfg = Release|Any CPU
		{43AAB361-AA4F-4E25-A18E-9BC385B38BF6}.Release|Any CPU.Build.0 = Release|Any CPU
	EndGlobalSection
	GlobalSection(SolutionProperties) = preSolution
		HideSolutionNode = FALSE
	EndGlobalSection
	GlobalSection(ExtensibilityGlobals) = postSolution
		SolutionGuid = {170C823B-6CB1-4721-802A-132FB052841B}
	EndGlobalSection
EndGlobal
